
Microsoft Visual Studio Solution File, Format Version 12.00
# Visual Studio Version 16
VisualStudioVersion = 16.0.30907.101
MinimumVisualStudioVersion = 10.0.40219.1
Project("{9A19103F-16F7-4668-BE54-9A1E7A4F7556}") = "LennyBOTv2", "LennyBOTv2\LennyBOTv2.csproj", "{406EA0EF-6770-49F5-BA62-85F548DD729C}"
EndProject
Project("{9A19103F-16F7-4668-BE54-9A1E7A4F7556}") = "Discord.Addons.Interactive", "Discord.Addons.Interactive\Discord.Addons.Interactive.csproj", "{651E003E-C4E3-4BBA-B303-7E03B62DA4B1}"
EndProject
Global
	GlobalSection(SolutionConfigurationPlatforms) = preSolution
		Debug|Any CPU = Debug|Any CPU
		Release|Any CPU = Release|Any CPU
	EndGlobalSection
	GlobalSection(ProjectConfigurationPlatforms) = postSolution
		{406EA0EF-6770-49F5-BA62-85F548DD729C}.Debug|Any CPU.ActiveCfg = Debug|Any CPU
		{406EA0EF-6770-49F5-BA62-85F548DD729C}.Debug|Any CPU.Build.0 = Debug|Any CPU
		{406EA0EF-6770-49F5-BA62-85F548DD729C}.Release|Any CPU.ActiveCfg = Release|Any CPU
		{406EA0EF-6770-49F5-BA62-85F548DD729C}.Release|Any CPU.Build.0 = Release|Any CPU
		{651E003E-C4E3-4BBA-B303-7E03B62DA4B1}.Debug|Any CPU.ActiveCfg = Debug|Any CPU
		{651E003E-C4E3-4BBA-B303-7E03B62DA4B1}.Debug|Any CPU.Build.0 = Debug|Any CPU
		{651E003E-C4E3-4BBA-B303-7E03B62DA4B1}.Release|Any CPU.ActiveCfg = Release|Any CPU
		{651E003E-C4E3-4BBA-B303-7E03B62DA4B1}.Release|Any CPU.Build.0 = Release|Any CPU
	EndGlobalSection
	GlobalSection(SolutionProperties) = preSolution
		HideSolutionNode = FALSE
	EndGlobalSection
	GlobalSection(ExtensibilityGlobals) = postSolution
		SolutionGuid = {13D325D5-148E-4381-9691-F705824287AC}
	EndGlobalSection
EndGlobal
